# This file was autogenerated by Stack.
# You should not edit this file by hand.
# For more information, please see the documentation at:
#   https://docs.haskellstack.org/en/stable/lock_files

packages:
- completed:
    hackage: bookhound-0.2.2@sha256:4d440796d7f99e5971734c6ebde01c02adb4f768e8f740ca16cef96b3507e14e,2933
    pantry-tree:
      sha256: 53a530efa7606998b67b50900880bce9e26753524b4adb433f307e4d7d60365c
      size: 1436
  original:
    hackage: bookhound-0.2.2
snapshots:
- completed:
    sha256: e176944bc843f740e05242fa7a66ca1f440c127e425254f7f1257f9b19add23f
    size: 712153
    url: https://raw.githubusercontent.com/commercialhaskell/stackage-snapshots/master/lts/22/0.yaml
  original:
    url: https://raw.githubusercontent.com/commercialhaskell/stackage-snapshots/master/lts/22/0.yaml
