# This file was autogenerated by Stack.
# You should not edit this file by hand.
# For more information, please see the documentation at:
#   https://docs.haskellstack.org/en/stable/lock_files

packages:
- completed:
    hackage: bookhound-0.2.2@sha256:4d440796d7f99e5971734c6ebde01c02adb4f768e8f740ca16cef96b3507e14e,2933
    pantry-tree:
      sha256: 53a530efa7606998b67b50900880bce9e26753524b4adb433f307e4d7d60365c
      size: 1436
  original:
    hackage: bookhound-0.2.2
snapshots:
- completed:
    sha256: 73ad581de7c5306278aec7706cafaf3b1c2eb7abf4ab586e4d9dc675c6106c4e
    size: 718708
    url: https://raw.githubusercontent.com/commercialhaskell/stackage-snapshots/master/lts/22/23.yaml
  original:
    url: https://raw.githubusercontent.com/commercialhaskell/stackage-snapshots/master/lts/22/23.yaml
